
Microsoft Visual Studio Solution File, Format Version 12.00
Project("{FAE04EC0-301F-11D3-BF4B-00C04F79EFBC}") = "Anlog.Sinks.XUnit", "src\Anlog.Sinks.XUnit\Anlog.Sinks.XUnit.csproj", "{1F825E26-8D78-4898-BA01-EE4CBA8711D7}"
EndProject
Project("{FAE04EC0-301F-11D3-BF4B-00C04F79EFBC}") = "Anlog.Sinks.XUnit.Tests", "tests\Anlog.Sinks.XUnit.Tests\Anlog.Sinks.XUnit.Tests.csproj", "{518113D3-B298-4A83-BAFE-31B4F237FF1D}"
EndProject
Project("{2150E333-8FDC-42A3-9474-1A3956D46DE8}") = "Scripts", "Scripts", "{5BB4DC42-FD06-460E-87AD-AAD6280753DB}"
ProjectSection(SolutionItems) = preProject
	makefile = makefile
EndProjectSection
EndProject
Project("{2150E333-8FDC-42A3-9474-1A3956D46DE8}") = "Doc", "Doc", "{E3461420-A4BC-420E-A23A-CE6DA7BAAE5C}"
ProjectSection(SolutionItems) = preProject
	README.md = README.md
	LICENSE = LICENSE
EndProjectSection
EndProject
Project("{2150E333-8FDC-42A3-9474-1A3956D46DE8}") = "Tests", "Tests", "{6C072CF3-FA6B-4D7A-92B9-98F16E4C4AA9}"
EndProject
Global
	GlobalSection(SolutionConfigurationPlatforms) = preSolution
		Debug|Any CPU = Debug|Any CPU
		Release|Any CPU = Release|Any CPU
	EndGlobalSection
	GlobalSection(ProjectConfigurationPlatforms) = postSolution
		{1F825E26-8D78-4898-BA01-EE4CBA8711D7}.Debug|Any CPU.ActiveCfg = Debug|Any CPU
		{1F825E26-8D78-4898-BA01-EE4CBA8711D7}.Debug|Any CPU.Build.0 = Debug|Any CPU
		{1F825E26-8D78-4898-BA01-EE4CBA8711D7}.Release|Any CPU.ActiveCfg = Release|Any CPU
		{1F825E26-8D78-4898-BA01-EE4CBA8711D7}.Release|Any CPU.Build.0 = Release|Any CPU
		{518113D3-B298-4A83-BAFE-31B4F237FF1D}.Debug|Any CPU.ActiveCfg = Debug|Any CPU
		{518113D3-B298-4A83-BAFE-31B4F237FF1D}.Debug|Any CPU.Build.0 = Debug|Any CPU
		{518113D3-B298-4A83-BAFE-31B4F237FF1D}.Release|Any CPU.ActiveCfg = Release|Any CPU
		{518113D3-B298-4A83-BAFE-31B4F237FF1D}.Release|Any CPU.Build.0 = Release|Any CPU
	EndGlobalSection
	GlobalSection(NestedProjects) = preSolution
		{518113D3-B298-4A83-BAFE-31B4F237FF1D} = {6C072CF3-FA6B-4D7A-92B9-98F16E4C4AA9}
	EndGlobalSection
EndGlobal
